
Microsoft Visual Studio Solution File, Format Version 12.00
# Visual Studio Version 17
VisualStudioVersion = 17.2.32616.157
MinimumVisualStudioVersion = 10.0.40219.1
Project("{2150E333-8FDC-42A3-9474-1A3956D46DE8}") = "Services", "Services", "{EEC6F4C0-854A-4231-8BD1-D461A46D295C}"
EndProject
Project("{2150E333-8FDC-42A3-9474-1A3956D46DE8}") = "Catalog", "Catalog", "{1BEEFC2F-86B3-4104-9518-63250F1BD745}"
EndProject
Project("{FAE04EC0-301F-11D3-BF4B-00C04F79EFBC}") = "Microservices.Kata.Catalog.API", "Services\Catalog\Microservices.Kata.Catalog.API\Microservices.Kata.Catalog.API.csproj", "{3DAD6531-B2D6-4D24-8A89-623765F28FEE}"
EndProject
Global
	GlobalSection(SolutionConfigurationPlatforms) = preSolution
		Debug|Any CPU = Debug|Any CPU
		Release|Any CPU = Release|Any CPU
	EndGlobalSection
	GlobalSection(ProjectConfigurationPlatforms) = postSolution
		{3DAD6531-B2D6-4D24-8A89-623765F28FEE}.Debug|Any CPU.ActiveCfg = Debug|Any CPU
		{3DAD6531-B2D6-4D24-8A89-623765F28FEE}.Debug|Any CPU.Build.0 = Debug|Any CPU
		{3DAD6531-B2D6-4D24-8A89-623765F28FEE}.Release|Any CPU.ActiveCfg = Release|Any CPU
		{3DAD6531-B2D6-4D24-8A89-623765F28FEE}.Release|Any CPU.Build.0 = Release|Any CPU
	EndGlobalSection
	GlobalSection(SolutionProperties) = preSolution
		HideSolutionNode = FALSE
	EndGlobalSection
	GlobalSection(NestedProjects) = preSolution
		{1BEEFC2F-86B3-4104-9518-63250F1BD745} = {EEC6F4C0-854A-4231-8BD1-D461A46D295C}
		{3DAD6531-B2D6-4D24-8A89-623765F28FEE} = {1BEEFC2F-86B3-4104-9518-63250F1BD745}
	EndGlobalSection
	GlobalSection(ExtensibilityGlobals) = postSolution
		SolutionGuid = {FDE3C623-8B1D-4C4A-B340-ABC5A7F9DAA2}
	EndGlobalSection
EndGlobal
